
Microsoft Visual Studio Solution File, Format Version 12.00
# Visual Studio Version 17
VisualStudioVersion = 17.8.34330.188
MinimumVisualStudioVersion = 10.0.40219.1
Project("{FAE04EC0-301F-11D3-BF4B-00C04F79EFBC}") = "WF_DZ6", "WF_DZ6\WF_DZ6.csproj", "{2CB45CB9-52CF-4988-9758-FD4276B65E18}"
EndProject
Global
	GlobalSection(SolutionConfigurationPlatforms) = preSolution
		Debug|Any CPU = Debug|Any CPU
		Release|Any CPU = Release|Any CPU
	EndGlobalSection
	GlobalSection(ProjectConfigurationPlatforms) = postSolution
		{2CB45CB9-52CF-4988-9758-FD4276B65E18}.Debug|Any CPU.ActiveCfg = Debug|Any CPU
		{2CB45CB9-52CF-4988-9758-FD4276B65E18}.Debug|Any CPU.Build.0 = Debug|Any CPU
		{2CB45CB9-52CF-4988-9758-FD4276B65E18}.Release|Any CPU.ActiveCfg = Release|Any CPU
		{2CB45CB9-52CF-4988-9758-FD4276B65E18}.Release|Any CPU.Build.0 = Release|Any CPU
	EndGlobalSection
	GlobalSection(SolutionProperties) = preSolution
		HideSolutionNode = FALSE
	EndGlobalSection
	GlobalSection(ExtensibilityGlobals) = postSolution
		SolutionGuid = {4E76B52A-9671-4C0C-A4B5-412577C17776}
	EndGlobalSection
EndGlobal
